
Microsoft Visual Studio Solution File, Format Version 12.00
# Visual Studio 15
VisualStudioVersion = 15.0.27703.2042
MinimumVisualStudioVersion = 10.0.40219.1
Project("{FAE04EC0-301F-11D3-BF4B-00C04F79EFBC}") = "DylanTaylorArt", "DylanTaylorArt\DylanTaylorArt.csproj", "{88513460-3576-4087-A856-BEEE9D95975B}"
EndProject
Global
	GlobalSection(SolutionConfigurationPlatforms) = preSolution
		Debug|Any CPU = Debug|Any CPU
		Release|Any CPU = Release|Any CPU
	EndGlobalSection
	GlobalSection(ProjectConfigurationPlatforms) = postSolution
		{88513460-3576-4087-A856-BEEE9D95975B}.Debug|Any CPU.ActiveCfg = Debug|Any CPU
		{88513460-3576-4087-A856-BEEE9D95975B}.Debug|Any CPU.Build.0 = Debug|Any CPU
		{88513460-3576-4087-A856-BEEE9D95975B}.Release|Any CPU.ActiveCfg = Release|Any CPU
		{88513460-3576-4087-A856-BEEE9D95975B}.Release|Any CPU.Build.0 = Release|Any CPU
	EndGlobalSection
	GlobalSection(SolutionProperties) = preSolution
		HideSolutionNode = FALSE
	EndGlobalSection
	GlobalSection(ExtensibilityGlobals) = postSolution
		SolutionGuid = {648F5103-2B41-4E7B-A4A0-3C5DDA4A5758}
	EndGlobalSection
EndGlobal
